// !$*UTF8*$!
{
	archiveVersion = 1;
	classes = {
	};
	objectVersion = 55;
	objects = {

/* Begin PBXBuildFile section */
		65C735AB2BCCCF44C0E1F1C8 /* Pods_TestiOS.framework in Frameworks */ = {isa = PBXBuildFile; fileRef = C7DAF3B9DF970DE3FC69C243 /* Pods_TestiOS.framework */; };
		67CF5B0752942E76C9C25C99 /* Pods_TestiOSTests.framework in Frameworks */ = {isa = PBXBuildFile; fileRef = 83AB07076DA5E897C2CE8E0D /* Pods_TestiOSTests.framework */; };
		A710DF70289447C30034EE91 /* AppDelegate.swift in Sources */ = {isa = PBXBuildFile; fileRef = A710DF6F289447C30034EE91 /* AppDelegate.swift */; };
		A710DF72289447C30034EE91 /* SceneDelegate.swift in Sources */ = {isa = PBXBuildFile; fileRef = A710DF71289447C30034EE91 /* SceneDelegate.swift */; };
		A710DF77289447C30034EE91 /* Main.storyboard in Resources */ = {isa = PBXBuildFile; fileRef = A710DF75289447C30034EE91 /* Main.storyboard */; };
		A710DF79289447C70034EE91 /* Assets.xcassets in Resources */ = {isa = PBXBuildFile; fileRef = A710DF78289447C70034EE91 /* Assets.xcassets */; };
		A710DF7C289447C70034EE91 /* LaunchScreen.storyboard in Resources */ = {isa = PBXBuildFile; fileRef = A710DF7A289447C70034EE91 /* LaunchScreen.storyboard */; };
		A710DF87289447C70034EE91 /* TestiOSTests.swift in Sources */ = {isa = PBXBuildFile; fileRef = A710DF86289447C70034EE91 /* TestiOSTests.swift */; };
		A710DF91289447C80034EE91 /* TestiOSUITests.swift in Sources */ = {isa = PBXBuildFile; fileRef = A710DF90289447C80034EE91 /* TestiOSUITests.swift */; };
		A710DF93289447C80034EE91 /* TestiOSUITestsLaunchTests.swift in Sources */ = {isa = PBXBuildFile; fileRef = A710DF92289447C80034EE91 /* TestiOSUITestsLaunchTests.swift */; };
		A710DFA12894BCBD0034EE91 /* GoogleService-Info.plist in Resources */ = {isa = PBXBuildFile; fileRef = A710DFA02894BCBD0034EE91 /* GoogleService-Info.plist */; };
		A710DFA82894CCE20034EE91 /* HomePresenter.swift in Sources */ = {isa = PBXBuildFile; fileRef = A710DFA22894CCE20034EE91 /* HomePresenter.swift */; };
		A710DFA92894CCE20034EE91 /* HomeWorker.swift in Sources */ = {isa = PBXBuildFile; fileRef = A710DFA32894CCE20034EE91 /* HomeWorker.swift */; };
		A710DFAA2894CCE20034EE91 /* HomeRouter.swift in Sources */ = {isa = PBXBuildFile; fileRef = A710DFA42894CCE20034EE91 /* HomeRouter.swift */; };
		A710DFAB2894CCE20034EE91 /* HomeModels.swift in Sources */ = {isa = PBXBuildFile; fileRef = A710DFA52894CCE20034EE91 /* HomeModels.swift */; };
		A710DFAC2894CCE20034EE91 /* HomeViewController.swift in Sources */ = {isa = PBXBuildFile; fileRef = A710DFA62894CCE20034EE91 /* HomeViewController.swift */; };
		A710DFAD2894CCE20034EE91 /* HomeInteractor.swift in Sources */ = {isa = PBXBuildFile; fileRef = A710DFA72894CCE20034EE91 /* HomeInteractor.swift */; };
		A73455642897D093001995B1 /* SelfieViewController.swift in Sources */ = {isa = PBXBuildFile; fileRef = A73455632897D093001995B1 /* SelfieViewController.swift */; };
		A75EA7FD2894D22A00393FE9 /* NetworkManager.swift in Sources */ = {isa = PBXBuildFile; fileRef = A75EA7FC2894D22A00393FE9 /* NetworkManager.swift */; };
		A75EA7FF2894D2A400393FE9 /* HomeView.swift in Sources */ = {isa = PBXBuildFile; fileRef = A75EA7FE2894D2A400393FE9 /* HomeView.swift */; };
		A75EA8012894DA5E00393FE9 /* TextFieldTableViewCell.swift in Sources */ = {isa = PBXBuildFile; fileRef = A75EA8002894DA5E00393FE9 /* TextFieldTableViewCell.swift */; };
		A75EA8032895B02400393FE9 /* SelfieTableViewCell.swift in Sources */ = {isa = PBXBuildFile; fileRef = A75EA8022895B02400393FE9 /* SelfieTableViewCell.swift */; };
		A75EA8072895D41300393FE9 /* HomeViewControllerTableViewDelegates.swift in Sources */ = {isa = PBXBuildFile; fileRef = A75EA8062895D41300393FE9 /* HomeViewControllerTableViewDelegates.swift */; };
		A75EA80F2895D7E000393FE9 /* ChartsPresenter.swift in Sources */ = {isa = PBXBuildFile; fileRef = A75EA8092895D7E000393FE9 /* ChartsPresenter.swift */; };
		A75EA8102895D7E000393FE9 /* ChartsWorker.swift in Sources */ = {isa = PBXBuildFile; fileRef = A75EA80A2895D7E000393FE9 /* ChartsWorker.swift */; };
		A75EA8112895D7E000393FE9 /* ChartsRouter.swift in Sources */ = {isa = PBXBuildFile; fileRef = A75EA80B2895D7E000393FE9 /* ChartsRouter.swift */; };
		A75EA8122895D7E000393FE9 /* ChartsModels.swift in Sources */ = {isa = PBXBuildFile; fileRef = A75EA80C2895D7E000393FE9 /* ChartsModels.swift */; };
		A75EA8132895D7E000393FE9 /* ChartsViewController.swift in Sources */ = {isa = PBXBuildFile; fileRef = A75EA80D2895D7E000393FE9 /* ChartsViewController.swift */; };
		A75EA8142895D7E000393FE9 /* ChartsInteractor.swift in Sources */ = {isa = PBXBuildFile; fileRef = A75EA80E2895D7E000393FE9 /* ChartsInteractor.swift */; };
		A75EA8172895D80000393FE9 /* ChartsView.swift in Sources */ = {isa = PBXBuildFile; fileRef = A75EA8162895D80000393FE9 /* ChartsView.swift */; };
		A75EA81A2895E1A500393FE9 /* Reporte.swift in Sources */ = {isa = PBXBuildFile; fileRef = A75EA8192895E1A500393FE9 /* Reporte.swift */; };
		A75EA81C2895E1BC00393FE9 /* Empresa.swift in Sources */ = {isa = PBXBuildFile; fileRef = A75EA81B2895E1BC00393FE9 /* Empresa.swift */; };
		A75EA81E2895E1D700393FE9 /* Charts.swift in Sources */ = {isa = PBXBuildFile; fileRef = A75EA81D2895E1D700393FE9 /* Charts.swift */; };
		A75EA8202895F5B700393FE9 /* PieChartTableViewCell.swift in Sources */ = {isa = PBXBuildFile; fileRef = A75EA81F2895F5B700393FE9 /* PieChartTableViewCell.swift */; };
		A75EA8242895F79B00393FE9 /* ChartsViewControllerTableViewDelegates.swift in Sources */ = {isa = PBXBuildFile; fileRef = A75EA8232895F79B00393FE9 /* ChartsViewControllerTableViewDelegates.swift */; };
		A75EA8272896045700393FE9 /* Constants.swift in Sources */ = {isa = PBXBuildFile; fileRef = A75EA8262896045700393FE9 /* Constants.swift */; };
		C80BF99E5AD293FCD3615C2C /* Pods_TestiOS_TestiOSUITests.framework in Frameworks */ = {isa = PBXBuildFile; fileRef = 373EE8852322F91917BB7631 /* Pods_TestiOS_TestiOSUITests.framework */; };
/* End PBXBuildFile section */

/* Begin PBXContainerItemProxy section */
		A710DF83289447C70034EE91 /* PBXContainerItemProxy */ = {
			isa = PBXContainerItemProxy;
			containerPortal = A710DF64289447C30034EE91 /* Project object */;
			proxyType = 1;
			remoteGlobalIDString = A710DF6B289447C30034EE91;
			remoteInfo = TestiOS;
		};
		A710DF8D289447C80034EE91 /* PBXContainerItemProxy */ = {
			isa = PBXContainerItemProxy;
			containerPortal = A710DF64289447C30034EE91 /* Project object */;
			proxyType = 1;
			remoteGlobalIDString = A710DF6B289447C30034EE91;
			remoteInfo = TestiOS;
		};
/* End PBXContainerItemProxy section */

/* Begin PBXFileReference section */
		2412B662FDDBD28A132E4A9A /* Pods-TestiOSTests.release.xcconfig */ = {isa = PBXFileReference; includeInIndex = 1; lastKnownFileType = text.xcconfig; name = "Pods-TestiOSTests.release.xcconfig"; path = "Target Support Files/Pods-TestiOSTests/Pods-TestiOSTests.release.xcconfig"; sourceTree = "<group>"; };
		2C6F750760DA3151C929C1B0 /* Pods-TestiOS-TestiOSUITests.debug.xcconfig */ = {isa = PBXFileReference; includeInIndex = 1; lastKnownFileType = text.xcconfig; name = "Pods-TestiOS-TestiOSUITests.debug.xcconfig"; path = "Target Support Files/Pods-TestiOS-TestiOSUITests/Pods-TestiOS-TestiOSUITests.debug.xcconfig"; sourceTree = "<group>"; };
		373EE8852322F91917BB7631 /* Pods_TestiOS_TestiOSUITests.framework */ = {isa = PBXFileReference; explicitFileType = wrapper.framework; includeInIndex = 0; path = Pods_TestiOS_TestiOSUITests.framework; sourceTree = BUILT_PRODUCTS_DIR; };
		83AB07076DA5E897C2CE8E0D /* Pods_TestiOSTests.framework */ = {isa = PBXFileReference; explicitFileType = wrapper.framework; includeInIndex = 0; path = Pods_TestiOSTests.framework; sourceTree = BUILT_PRODUCTS_DIR; };
		A710DF6C289447C30034EE91 /* TestiOS.app */ = {isa = PBXFileReference; explicitFileType = wrapper.application; includeInIndex = 0; path = TestiOS.app; sourceTree = BUILT_PRODUCTS_DIR; };
		A710DF6F289447C30034EE91 /* AppDelegate.swift */ = {isa = PBXFileReference; lastKnownFileType = sourcecode.swift; path = AppDelegate.swift; sourceTree = "<group>"; };
		A710DF71289447C30034EE91 /* SceneDelegate.swift */ = {isa = PBXFileReference; lastKnownFileType = sourcecode.swift; path = SceneDelegate.swift; sourceTree = "<group>"; };
		A710DF76289447C30034EE91 /* Base */ = {isa = PBXFileReference; lastKnownFileType = file.storyboard; name = Base; path = Base.lproj/Main.storyboard; sourceTree = "<group>"; };
		A710DF78289447C70034EE91 /* Assets.xcassets */ = {isa = PBXFileReference; lastKnownFileType = folder.assetcatalog; path = Assets.xcassets; sourceTree = "<group>"; };
		A710DF7B289447C70034EE91 /* Base */ = {isa = PBXFileReference; lastKnownFileType = file.storyboard; name = Base; path = Base.lproj/LaunchScreen.storyboard; sourceTree = "<group>"; };
		A710DF7D289447C70034EE91 /* Info.plist */ = {isa = PBXFileReference; lastKnownFileType = text.plist.xml; path = Info.plist; sourceTree = "<group>"; };
		A710DF82289447C70034EE91 /* TestiOSTests.xctest */ = {isa = PBXFileReference; explicitFileType = wrapper.cfbundle; includeInIndex = 0; path = TestiOSTests.xctest; sourceTree = BUILT_PRODUCTS_DIR; };
		A710DF86289447C70034EE91 /* TestiOSTests.swift */ = {isa = PBXFileReference; lastKnownFileType = sourcecode.swift; path = TestiOSTests.swift; sourceTree = "<group>"; };
		A710DF8C289447C80034EE91 /* TestiOSUITests.xctest */ = {isa = PBXFileReference; explicitFileType = wrapper.cfbundle; includeInIndex = 0; path = TestiOSUITests.xctest; sourceTree = BUILT_PRODUCTS_DIR; };
		A710DF90289447C80034EE91 /* TestiOSUITests.swift */ = {isa = PBXFileReference; lastKnownFileType = sourcecode.swift; path = TestiOSUITests.swift; sourceTree = "<group>"; };
		A710DF92289447C80034EE91 /* TestiOSUITestsLaunchTests.swift */ = {isa = PBXFileReference; lastKnownFileType = sourcecode.swift; path = TestiOSUITestsLaunchTests.swift; sourceTree = "<group>"; };
		A710DFA02894BCBD0034EE91 /* GoogleService-Info.plist */ = {isa = PBXFileReference; fileEncoding = 4; lastKnownFileType = text.plist.xml; path = "GoogleService-Info.plist"; sourceTree = "<group>"; };
		A710DFA22894CCE20034EE91 /* HomePresenter.swift */ = {isa = PBXFileReference; lastKnownFileType = sourcecode.swift; path = HomePresenter.swift; sourceTree = "<group>"; };
		A710DFA32894CCE20034EE91 /* HomeWorker.swift */ = {isa = PBXFileReference; lastKnownFileType = sourcecode.swift; path = HomeWorker.swift; sourceTree = "<group>"; };
		A710DFA42894CCE20034EE91 /* HomeRouter.swift */ = {isa = PBXFileReference; lastKnownFileType = sourcecode.swift; path = HomeRouter.swift; sourceTree = "<group>"; };
		A710DFA52894CCE20034EE91 /* HomeModels.swift */ = {isa = PBXFileReference; lastKnownFileType = sourcecode.swift; path = HomeModels.swift; sourceTree = "<group>"; };
		A710DFA62894CCE20034EE91 /* HomeViewController.swift */ = {isa = PBXFileReference; lastKnownFileType = sourcecode.swift; path = HomeViewController.swift; sourceTree = "<group>"; };
		A710DFA72894CCE20034EE91 /* HomeInteractor.swift */ = {isa = PBXFileReference; lastKnownFileType = sourcecode.swift; path = HomeInteractor.swift; sourceTree = "<group>"; };
		A73455632897D093001995B1 /* SelfieViewController.swift */ = {isa = PBXFileReference; lastKnownFileType = sourcecode.swift; path = SelfieViewController.swift; sourceTree = "<group>"; };
		A75EA7FC2894D22A00393FE9 /* NetworkManager.swift */ = {isa = PBXFileReference; lastKnownFileType = sourcecode.swift; path = NetworkManager.swift; sourceTree = "<group>"; };
		A75EA7FE2894D2A400393FE9 /* HomeView.swift */ = {isa = PBXFileReference; lastKnownFileType = sourcecode.swift; path = HomeView.swift; sourceTree = "<group>"; };
		A75EA8002894DA5E00393FE9 /* TextFieldTableViewCell.swift */ = {isa = PBXFileReference; lastKnownFileType = sourcecode.swift; path = TextFieldTableViewCell.swift; sourceTree = "<group>"; };
		A75EA8022895B02400393FE9 /* SelfieTableViewCell.swift */ = {isa = PBXFileReference; lastKnownFileType = sourcecode.swift; path = SelfieTableViewCell.swift; sourceTree = "<group>"; };
		A75EA8062895D41300393FE9 /* HomeViewControllerTableViewDelegates.swift */ = {isa = PBXFileReference; lastKnownFileType = sourcecode.swift; path = HomeViewControllerTableViewDelegates.swift; sourceTree = "<group>"; };
		A75EA8092895D7E000393FE9 /* ChartsPresenter.swift */ = {isa = PBXFileReference; lastKnownFileType = sourcecode.swift; path = ChartsPresenter.swift; sourceTree = "<group>"; };
		A75EA80A2895D7E000393FE9 /* ChartsWorker.swift */ = {isa = PBXFileReference; lastKnownFileType = sourcecode.swift; path = ChartsWorker.swift; sourceTree = "<group>"; };
		A75EA80B2895D7E000393FE9 /* ChartsRouter.swift */ = {isa = PBXFileReference; lastKnownFileType = sourcecode.swift; path = ChartsRouter.swift; sourceTree = "<group>"; };
		A75EA80C2895D7E000393FE9 /* ChartsModels.swift */ = {isa = PBXFileReference; lastKnownFileType = sourcecode.swift; path = ChartsModels.swift; sourceTree = "<group>"; };
		A75EA80D2895D7E000393FE9 /* ChartsViewController.swift */ = {isa = PBXFileReference; lastKnownFileType = sourcecode.swift; path = ChartsViewController.swift; sourceTree = "<group>"; };
		A75EA80E2895D7E000393FE9 /* ChartsInteractor.swift */ = {isa = PBXFileReference; lastKnownFileType = sourcecode.swift; path = ChartsInteractor.swift; sourceTree = "<group>"; };
		A75EA8162895D80000393FE9 /* ChartsView.swift */ = {isa = PBXFileReference; lastKnownFileType = sourcecode.swift; path = ChartsView.swift; sourceTree = "<group>"; };
		A75EA8192895E1A500393FE9 /* Reporte.swift */ = {isa = PBXFileReference; lastKnownFileType = sourcecode.swift; path = Reporte.swift; sourceTree = "<group>"; };
		A75EA81B2895E1BC00393FE9 /* Empresa.swift */ = {isa = PBXFileReference; lastKnownFileType = sourcecode.swift; path = Empresa.swift; sourceTree = "<group>"; };
		A75EA81D2895E1D700393FE9 /* Charts.swift */ = {isa = PBXFileReference; lastKnownFileType = sourcecode.swift; path = Charts.swift; sourceTree = "<group>"; };
		A75EA81F2895F5B700393FE9 /* PieChartTableViewCell.swift */ = {isa = PBXFileReference; lastKnownFileType = sourcecode.swift; path = PieChartTableViewCell.swift; sourceTree = "<group>"; };
		A75EA8232895F79B00393FE9 /* ChartsViewControllerTableViewDelegates.swift */ = {isa = PBXFileReference; lastKnownFileType = sourcecode.swift; path = ChartsViewControllerTableViewDelegates.swift; sourceTree = "<group>"; };
		A75EA8262896045700393FE9 /* Constants.swift */ = {isa = PBXFileReference; lastKnownFileType = sourcecode.swift; path = Constants.swift; sourceTree = "<group>"; };
		A7D7CF23C893BEB95E2EB3DC /* Pods-TestiOSTests.debug.xcconfig */ = {isa = PBXFileReference; includeInIndex = 1; lastKnownFileType = text.xcconfig; name = "Pods-TestiOSTests.debug.xcconfig"; path = "Target Support Files/Pods-TestiOSTests/Pods-TestiOSTests.debug.xcconfig"; sourceTree = "<group>"; };
		C7DAF3B9DF970DE3FC69C243 /* Pods_TestiOS.framework */ = {isa = PBXFileReference; explicitFileType = wrapper.framework; includeInIndex = 0; path = Pods_TestiOS.framework; sourceTree = BUILT_PRODUCTS_DIR; };
		CE27871F5BE3E70F88B44482 /* Pods-TestiOS.release.xcconfig */ = {isa = PBXFileReference; includeInIndex = 1; lastKnownFileType = text.xcconfig; name = "Pods-TestiOS.release.xcconfig"; path = "Target Support Files/Pods-TestiOS/Pods-TestiOS.release.xcconfig"; sourceTree = "<group>"; };
		F612BC5CA0C1ADDA4C1A1E3D /* Pods-TestiOS.debug.xcconfig */ = {isa = PBXFileReference; includeInIndex = 1; lastKnownFileType = text.xcconfig; name = "Pods-TestiOS.debug.xcconfig"; path = "Target Support Files/Pods-TestiOS/Pods-TestiOS.debug.xcconfig"; sourceTree = "<group>"; };
		FCE84070F052D5BB12798DBE /* Pods-TestiOS-TestiOSUITests.release.xcconfig */ = {isa = PBXFileReference; includeInIndex = 1; lastKnownFileType = text.xcconfig; name = "Pods-TestiOS-TestiOSUITests.release.xcconfig"; path = "Target Support Files/Pods-TestiOS-TestiOSUITests/Pods-TestiOS-TestiOSUITests.release.xcconfig"; sourceTree = "<group>"; };
/* End PBXFileReference section */

/* Begin PBXFrameworksBuildPhase section */
		A710DF69289447C30034EE91 /* Frameworks */ = {
			isa = PBXFrameworksBuildPhase;
			buildActionMask = 2147483647;
			files = (
				65C735AB2BCCCF44C0E1F1C8 /* Pods_TestiOS.framework in Frameworks */,
			);
			runOnlyForDeploymentPostprocessing = 0;
		};
		A710DF7F289447C70034EE91 /* Frameworks */ = {
			isa = PBXFrameworksBuildPhase;
			buildActionMask = 2147483647;
			files = (
				67CF5B0752942E76C9C25C99 /* Pods_TestiOSTests.framework in Frameworks */,
			);
			runOnlyForDeploymentPostprocessing = 0;
		};
		A710DF89289447C80034EE91 /* Frameworks */ = {
			isa = PBXFrameworksBuildPhase;
			buildActionMask = 2147483647;
			files = (
				C80BF99E5AD293FCD3615C2C /* Pods_TestiOS_TestiOSUITests.framework in Frameworks */,
			);
			runOnlyForDeploymentPostprocessing = 0;
		};
/* End PBXFrameworksBuildPhase section */

/* Begin PBXGroup section */
		5FE0D33E715004D8179653AB /* Pods */ = {
			isa = PBXGroup;
			children = (
				F612BC5CA0C1ADDA4C1A1E3D /* Pods-TestiOS.debug.xcconfig */,
				CE27871F5BE3E70F88B44482 /* Pods-TestiOS.release.xcconfig */,
				2C6F750760DA3151C929C1B0 /* Pods-TestiOS-TestiOSUITests.debug.xcconfig */,
				FCE84070F052D5BB12798DBE /* Pods-TestiOS-TestiOSUITests.release.xcconfig */,
				A7D7CF23C893BEB95E2EB3DC /* Pods-TestiOSTests.debug.xcconfig */,
				2412B662FDDBD28A132E4A9A /* Pods-TestiOSTests.release.xcconfig */,
			);
			path = Pods;
			sourceTree = "<group>";
		};
		910A3DD5C8C38854BF2BC299 /* Frameworks */ = {
			isa = PBXGroup;
			children = (
				C7DAF3B9DF970DE3FC69C243 /* Pods_TestiOS.framework */,
				373EE8852322F91917BB7631 /* Pods_TestiOS_TestiOSUITests.framework */,
				83AB07076DA5E897C2CE8E0D /* Pods_TestiOSTests.framework */,
			);
			name = Frameworks;
			sourceTree = "<group>";
		};
		A710DF63289447C30034EE91 = {
			isa = PBXGroup;
			children = (
				A710DF6E289447C30034EE91 /* TestiOS */,
				A710DF85289447C70034EE91 /* TestiOSTests */,
				A710DF8F289447C80034EE91 /* TestiOSUITests */,
				A710DF6D289447C30034EE91 /* Products */,
				5FE0D33E715004D8179653AB /* Pods */,
				910A3DD5C8C38854BF2BC299 /* Frameworks */,
			);
			sourceTree = "<group>";
		};
		A710DF6D289447C30034EE91 /* Products */ = {
			isa = PBXGroup;
			children = (
				A710DF6C289447C30034EE91 /* TestiOS.app */,
				A710DF82289447C70034EE91 /* TestiOSTests.xctest */,
				A710DF8C289447C80034EE91 /* TestiOSUITests.xctest */,
			);
			name = Products;
			sourceTree = "<group>";
		};
		A710DF6E289447C30034EE91 /* TestiOS */ = {
			isa = PBXGroup;
			children = (
				A75EA8252896041100393FE9 /* Common */,
				A75EA7FB2894D1AC00393FE9 /* Network */,
				A710DFAE2894CF9D0034EE91 /* Modules */,
				A710DF6F289447C30034EE91 /* AppDelegate.swift */,
				A710DF71289447C30034EE91 /* SceneDelegate.swift */,
				A710DF75289447C30034EE91 /* Main.storyboard */,
				A710DFA02894BCBD0034EE91 /* GoogleService-Info.plist */,
				A710DF78289447C70034EE91 /* Assets.xcassets */,
				A710DF7A289447C70034EE91 /* LaunchScreen.storyboard */,
				A710DF7D289447C70034EE91 /* Info.plist */,
			);
			path = TestiOS;
			sourceTree = "<group>";
		};
		A710DF85289447C70034EE91 /* TestiOSTests */ = {
			isa = PBXGroup;
			children = (
				A710DF86289447C70034EE91 /* TestiOSTests.swift */,
			);
			path = TestiOSTests;
			sourceTree = "<group>";
		};
		A710DF8F289447C80034EE91 /* TestiOSUITests */ = {
			isa = PBXGroup;
			children = (
				A710DF90289447C80034EE91 /* TestiOSUITests.swift */,
				A710DF92289447C80034EE91 /* TestiOSUITestsLaunchTests.swift */,
			);
			path = TestiOSUITests;
			sourceTree = "<group>";
		};
		A710DF9F2894BA990034EE91 /* Home */ = {
			isa = PBXGroup;
			children = (
				A75EA7FA2894D1A400393FE9 /* Views */,
				A710DFA22894CCE20034EE91 /* HomePresenter.swift */,
				A710DFA32894CCE20034EE91 /* HomeWorker.swift */,
				A710DFA42894CCE20034EE91 /* HomeRouter.swift */,
				A710DFA52894CCE20034EE91 /* HomeModels.swift */,
				A710DFA62894CCE20034EE91 /* HomeViewController.swift */,
				A710DFA72894CCE20034EE91 /* HomeInteractor.swift */,
				A75EA8062895D41300393FE9 /* HomeViewControllerTableViewDelegates.swift */,
			);
			path = Home;
			sourceTree = "<group>";
		};
		A710DFAE2894CF9D0034EE91 /* Modules */ = {
			isa = PBXGroup;
			children = (
				A73455562897D01B001995B1 /* Selfie */,
				A75EA8082895D7C700393FE9 /* Charts */,
				A710DF9F2894BA990034EE91 /* Home */,
			);
			path = Modules;
			sourceTree = "<group>";
		};
		A73455562897D01B001995B1 /* Selfie */ = {
			isa = PBXGroup;
			children = (
				A73455632897D093001995B1 /* SelfieViewController.swift */,
			);
			path = Selfie;
			sourceTree = "<group>";
		};
		A75EA7FA2894D1A400393FE9 /* Views */ = {
			isa = PBXGroup;
			children = (
				A75EA7FE2894D2A400393FE9 /* HomeView.swift */,
				A75EA8002894DA5E00393FE9 /* TextFieldTableViewCell.swift */,
				A75EA8022895B02400393FE9 /* SelfieTableViewCell.swift */,
			);
			path = Views;
			sourceTree = "<group>";
		};
		A75EA7FB2894D1AC00393FE9 /* Network */ = {
			isa = PBXGroup;
			children = (
				A75EA8182895E17000393FE9 /* Models */,
				A75EA7FC2894D22A00393FE9 /* NetworkManager.swift */,
			);
			path = Network;
			sourceTree = "<group>";
		};
		A75EA8082895D7C700393FE9 /* Charts */ = {
			isa = PBXGroup;
			children = (
				A75EA8152895D7F100393FE9 /* Views */,
				A75EA8092895D7E000393FE9 /* ChartsPresenter.swift */,
				A75EA80A2895D7E000393FE9 /* ChartsWorker.swift */,
				A75EA80B2895D7E000393FE9 /* ChartsRouter.swift */,
				A75EA80C2895D7E000393FE9 /* ChartsModels.swift */,
				A75EA80D2895D7E000393FE9 /* ChartsViewController.swift */,
				A75EA80E2895D7E000393FE9 /* ChartsInteractor.swift */,
				A75EA8232895F79B00393FE9 /* ChartsViewControllerTableViewDelegates.swift */,
			);
			path = Charts;
			sourceTree = "<group>";
		};
		A75EA8152895D7F100393FE9 /* Views */ = {
			isa = PBXGroup;
			children = (
				A75EA8162895D80000393FE9 /* ChartsView.swift */,
				A75EA81F2895F5B700393FE9 /* PieChartTableViewCell.swift */,
			);
			path = Views;
			sourceTree = "<group>";
		};
		A75EA8182895E17000393FE9 /* Models */ = {
			isa = PBXGroup;
			children = (
				A75EA8192895E1A500393FE9 /* Reporte.swift */,
				A75EA81B2895E1BC00393FE9 /* Empresa.swift */,
				A75EA81D2895E1D700393FE9 /* Charts.swift */,
			);
			path = Models;
			sourceTree = "<group>";
		};
		A75EA8252896041100393FE9 /* Common */ = {
			isa = PBXGroup;
			children = (
				A75EA8262896045700393FE9 /* Constants.swift */,
			);
			path = Common;
			sourceTree = "<group>";
		};
/* End PBXGroup section */

/* Begin PBXNativeTarget section */
		A710DF6B289447C30034EE91 /* TestiOS */ = {
			isa = PBXNativeTarget;
			buildConfigurationList = A710DF96289447C80034EE91 /* Build configuration list for PBXNativeTarget "TestiOS" */;
			buildPhases = (
				2EACA4D3B5C30D64594B818A /* [CP] Check Pods Manifest.lock */,
				A710DF68289447C30034EE91 /* Sources */,
				A710DF69289447C30034EE91 /* Frameworks */,
				A710DF6A289447C30034EE91 /* Resources */,
				9E16C9DEEAB2D3600DB5D9AE /* [CP] Embed Pods Frameworks */,
			);
			buildRules = (
			);
			dependencies = (
			);
			name = TestiOS;
			productName = TestiOS;
			productReference = A710DF6C289447C30034EE91 /* TestiOS.app */;
			productType = "com.apple.product-type.application";
		};
		A710DF81289447C70034EE91 /* TestiOSTests */ = {
			isa = PBXNativeTarget;
			buildConfigurationList = A710DF99289447C80034EE91 /* Build configuration list for PBXNativeTarget "TestiOSTests" */;
			buildPhases = (
				C49F53004C2F92AD31F4C970 /* [CP] Check Pods Manifest.lock */,
				A710DF7E289447C70034EE91 /* Sources */,
				A710DF7F289447C70034EE91 /* Frameworks */,
				A710DF80289447C70034EE91 /* Resources */,
			);
			buildRules = (
			);
			dependencies = (
				A710DF84289447C70034EE91 /* PBXTargetDependency */,
			);
			name = TestiOSTests;
			productName = TestiOSTests;
			productReference = A710DF82289447C70034EE91 /* TestiOSTests.xctest */;
			productType = "com.apple.product-type.bundle.unit-test";
		};
		A710DF8B289447C80034EE91 /* TestiOSUITests */ = {
			isa = PBXNativeTarget;
			buildConfigurationList = A710DF9C289447C80034EE91 /* Build configuration list for PBXNativeTarget "TestiOSUITests" */;
			buildPhases = (
				A8F3EC20474DDFC161ED975E /* [CP] Check Pods Manifest.lock */,
				A710DF88289447C80034EE91 /* Sources */,
				A710DF89289447C80034EE91 /* Frameworks */,
				A710DF8A289447C80034EE91 /* Resources */,
				9C9A68426C03354CF8E8FA32 /* [CP] Embed Pods Frameworks */,
			);
			buildRules = (
			);
			dependencies = (
				A710DF8E289447C80034EE91 /* PBXTargetDependency */,
			);
			name = TestiOSUITests;
			productName = TestiOSUITests;
			productReference = A710DF8C289447C80034EE91 /* TestiOSUITests.xctest */;
			productType = "com.apple.product-type.bundle.ui-testing";
		};
/* End PBXNativeTarget section */

/* Begin PBXProject section */
		A710DF64289447C30034EE91 /* Project object */ = {
			isa = PBXProject;
			attributes = {
				BuildIndependentTargetsInParallel = 1;
				LastSwiftUpdateCheck = 1340;
				LastUpgradeCheck = 1340;
				TargetAttributes = {
					A710DF6B289447C30034EE91 = {
						CreatedOnToolsVersion = 13.4.1;
					};
					A710DF81289447C70034EE91 = {
						CreatedOnToolsVersion = 13.4.1;
						TestTargetID = A710DF6B289447C30034EE91;
					};
					A710DF8B289447C80034EE91 = {
						CreatedOnToolsVersion = 13.4.1;
						TestTargetID = A710DF6B289447C30034EE91;
					};
				};
			};
			buildConfigurationList = A710DF67289447C30034EE91 /* Build configuration list for PBXProject "TestiOS" */;
			compatibilityVersion = "Xcode 13.0";
			developmentRegion = en;
			hasScannedForEncodings = 0;
			knownRegions = (
				en,
				Base,
			);
			mainGroup = A710DF63289447C30034EE91;
			productRefGroup = A710DF6D289447C30034EE91 /* Products */;
			projectDirPath = "";
			projectRoot = "";
			targets = (
				A710DF6B289447C30034EE91 /* TestiOS */,
				A710DF81289447C70034EE91 /* TestiOSTests */,
				A710DF8B289447C80034EE91 /* TestiOSUITests */,
			);
		};
/* End PBXProject section */

/* Begin PBXResourcesBuildPhase section */
		A710DF6A289447C30034EE91 /* Resources */ = {
			isa = PBXResourcesBuildPhase;
			buildActionMask = 2147483647;
			files = (
				A710DF7C289447C70034EE91 /* LaunchScreen.storyboard in Resources */,
				A710DFA12894BCBD0034EE91 /* GoogleService-Info.plist in Resources */,
				A710DF79289447C70034EE91 /* Assets.xcassets in Resources */,
				A710DF77289447C30034EE91 /* Main.storyboard in Resources */,
			);
			runOnlyForDeploymentPostprocessing = 0;
		};
		A710DF80289447C70034EE91 /* Resources */ = {
			isa = PBXResourcesBuildPhase;
			buildActionMask = 2147483647;
			files = (
			);
			runOnlyForDeploymentPostprocessing = 0;
		};
		A710DF8A289447C80034EE91 /* Resources */ = {
			isa = PBXResourcesBuildPhase;
			buildActionMask = 2147483647;
			files = (
			);
			runOnlyForDeploymentPostprocessing = 0;
		};
/* End PBXResourcesBuildPhase section */

/* Begin PBXShellScriptBuildPhase section */
		2EACA4D3B5C30D64594B818A /* [CP] Check Pods Manifest.lock */ = {
			isa = PBXShellScriptBuildPhase;
			buildActionMask = 2147483647;
			files = (
			);
			inputFileListPaths = (
			);
			inputPaths = (
				"${PODS_PODFILE_DIR_PATH}/Podfile.lock",
				"${PODS_ROOT}/Manifest.lock",
			);
			name = "[CP] Check Pods Manifest.lock";
			outputFileListPaths = (
			);
			outputPaths = (
				"$(DERIVED_FILE_DIR)/Pods-TestiOS-checkManifestLockResult.txt",
			);
			runOnlyForDeploymentPostprocessing = 0;
			shellPath = /bin/sh;
			shellScript = "diff \"${PODS_PODFILE_DIR_PATH}/Podfile.lock\" \"${PODS_ROOT}/Manifest.lock\" > /dev/null\nif [ $? != 0 ] ; then\n    # print error to STDERR\n    echo \"error: The sandbox is not in sync with the Podfile.lock. Run 'pod install' or update your CocoaPods installation.\" >&2\n    exit 1\nfi\n# This output is used by Xcode 'outputs' to avoid re-running this script phase.\necho \"SUCCESS\" > \"${SCRIPT_OUTPUT_FILE_0}\"\n";
			showEnvVarsInLog = 0;
		};
		9C9A68426C03354CF8E8FA32 /* [CP] Embed Pods Frameworks */ = {
			isa = PBXShellScriptBuildPhase;
			buildActionMask = 2147483647;
			files = (
			);
			inputFileListPaths = (
				"${PODS_ROOT}/Target Support Files/Pods-TestiOS-TestiOSUITests/Pods-TestiOS-TestiOSUITests-frameworks-${CONFIGURATION}-input-files.xcfilelist",
			);
			name = "[CP] Embed Pods Frameworks";
			outputFileListPaths = (
				"${PODS_ROOT}/Target Support Files/Pods-TestiOS-TestiOSUITests/Pods-TestiOS-TestiOSUITests-frameworks-${CONFIGURATION}-output-files.xcfilelist",
			);
			runOnlyForDeploymentPostprocessing = 0;
			shellPath = /bin/sh;
			shellScript = "\"${PODS_ROOT}/Target Support Files/Pods-TestiOS-TestiOSUITests/Pods-TestiOS-TestiOSUITests-frameworks.sh\"\n";
			showEnvVarsInLog = 0;
		};
		9E16C9DEEAB2D3600DB5D9AE /* [CP] Embed Pods Frameworks */ = {
			isa = PBXShellScriptBuildPhase;
			buildActionMask = 2147483647;
			files = (
			);
			inputFileListPaths = (
				"${PODS_ROOT}/Target Support Files/Pods-TestiOS/Pods-TestiOS-frameworks-${CONFIGURATION}-input-files.xcfilelist",
			);
			name = "[CP] Embed Pods Frameworks";
			outputFileListPaths = (
				"${PODS_ROOT}/Target Support Files/Pods-TestiOS/Pods-TestiOS-frameworks-${CONFIGURATION}-output-files.xcfilelist",
			);
			runOnlyForDeploymentPostprocessing = 0;
			shellPath = /bin/sh;
			shellScript = "\"${PODS_ROOT}/Target Support Files/Pods-TestiOS/Pods-TestiOS-frameworks.sh\"\n";
			showEnvVarsInLog = 0;
		};
		A8F3EC20474DDFC161ED975E /* [CP] Check Pods Manifest.lock */ = {
			isa = PBXShellScriptBuildPhase;
			buildActionMask = 2147483647;
			files = (
			);
			inputFileListPaths = (
			);
			inputPaths = (
				"${PODS_PODFILE_DIR_PATH}/Podfile.lock",
				"${PODS_ROOT}/Manifest.lock",
			);
			name = "[CP] Check Pods Manifest.lock";
			outputFileListPaths = (
			);
			outputPaths = (
				"$(DERIVED_FILE_DIR)/Pods-TestiOS-TestiOSUITests-checkManifestLockResult.txt",
			);
			runOnlyForDeploymentPostprocessing = 0;
			shellPath = /bin/sh;
			shellScript = "diff \"${PODS_PODFILE_DIR_PATH}/Podfile.lock\" \"${PODS_ROOT}/Manifest.lock\" > /dev/null\nif [ $? != 0 ] ; then\n    # print error to STDERR\n    echo \"error: The sandbox is not in sync with the Podfile.lock. Run 'pod install' or update your CocoaPods installation.\" >&2\n    exit 1\nfi\n# This output is used by Xcode 'outputs' to avoid re-running this script phase.\necho \"SUCCESS\" > \"${SCRIPT_OUTPUT_FILE_0}\"\n";
			showEnvVarsInLog = 0;
		};
		C49F53004C2F92AD31F4C970 /* [CP] Check Pods Manifest.lock */ = {
			isa = PBXShellScriptBuildPhase;
			buildActionMask = 2147483647;
			files = (
			);
			inputFileListPaths = (
			);
			inputPaths = (
				"${PODS_PODFILE_DIR_PATH}/Podfile.lock",
				"${PODS_ROOT}/Manifest.lock",
			);
			name = "[CP] Check Pods Manifest.lock";
			outputFileListPaths = (
			);
			outputPaths = (
				"$(DERIVED_FILE_DIR)/Pods-TestiOSTests-checkManifestLockResult.txt",
			);
			runOnlyForDeploymentPostprocessing = 0;
			shellPath = /bin/sh;
			shellScript = "diff \"${PODS_PODFILE_DIR_PATH}/Podfile.lock\" \"${PODS_ROOT}/Manifest.lock\" > /dev/null\nif [ $? != 0 ] ; then\n    # print error to STDERR\n    echo \"error: The sandbox is not in sync with the Podfile.lock. Run 'pod install' or update your CocoaPods installation.\" >&2\n    exit 1\nfi\n# This output is used by Xcode 'outputs' to avoid re-running this script phase.\necho \"SUCCESS\" > \"${SCRIPT_OUTPUT_FILE_0}\"\n";
			showEnvVarsInLog = 0;
		};
/* End PBXShellScriptBuildPhase section */

/* Begin PBXSourcesBuildPhase section */
		A710DF68289447C30034EE91 /* Sources */ = {
			isa = PBXSourcesBuildPhase;
			buildActionMask = 2147483647;
			files = (
				A73455642897D093001995B1 /* SelfieViewController.swift in Sources */,
				A75EA7FD2894D22A00393FE9 /* NetworkManager.swift in Sources */,
				A75EA8142895D7E000393FE9 /* ChartsInteractor.swift in Sources */,
				A710DFA82894CCE20034EE91 /* HomePresenter.swift in Sources */,
				A710DF70289447C30034EE91 /* AppDelegate.swift in Sources */,
				A75EA8132895D7E000393FE9 /* ChartsViewController.swift in Sources */,
				A75EA81A2895E1A500393FE9 /* Reporte.swift in Sources */,
				A75EA8112895D7E000393FE9 /* ChartsRouter.swift in Sources */,
				A75EA81E2895E1D700393FE9 /* Charts.swift in Sources */,
				A75EA7FF2894D2A400393FE9 /* HomeView.swift in Sources */,
				A75EA8172895D80000393FE9 /* ChartsView.swift in Sources */,
				A710DFA92894CCE20034EE91 /* HomeWorker.swift in Sources */,
				A75EA8012894DA5E00393FE9 /* TextFieldTableViewCell.swift in Sources */,
				A75EA81C2895E1BC00393FE9 /* Empresa.swift in Sources */,
				A75EA8102895D7E000393FE9 /* ChartsWorker.swift in Sources */,
				A75EA8202895F5B700393FE9 /* PieChartTableViewCell.swift in Sources */,
				A75EA8242895F79B00393FE9 /* ChartsViewControllerTableViewDelegates.swift in Sources */,
				A75EA8072895D41300393FE9 /* HomeViewControllerTableViewDelegates.swift in Sources */,
				A75EA80F2895D7E000393FE9 /* ChartsPresenter.swift in Sources */,
				A710DFAD2894CCE20034EE91 /* HomeInteractor.swift in Sources */,
				A710DF72289447C30034EE91 /* SceneDelegate.swift in Sources */,
				A75EA8122895D7E000393FE9 /* ChartsModels.swift in Sources */,
				A710DFAB2894CCE20034EE91 /* HomeModels.swift in Sources */,
				A710DFAC2894CCE20034EE91 /* HomeViewController.swift in Sources */,
				A710DFAA2894CCE20034EE91 /* HomeRouter.swift in Sources */,
				A75EA8032895B02400393FE9 /* SelfieTableViewCell.swift in Sources */,
				A75EA8272896045700393FE9 /* Constants.swift in Sources */,
			);
			runOnlyForDeploymentPostprocessing = 0;
		};
		A710DF7E289447C70034EE91 /* Sources */ = {
			isa = PBXSourcesBuildPhase;
			buildActionMask = 2147483647;
			files = (
				A710DF87289447C70034EE91 /* TestiOSTests.swift in Sources */,
			);
			runOnlyForDeploymentPostprocessing = 0;
		};
		A710DF88289447C80034EE91 /* Sources */ = {
			isa = PBXSourcesBuildPhase;
			buildActionMask = 2147483647;
			files = (
				A710DF93289447C80034EE91 /* TestiOSUITestsLaunchTests.swift in Sources */,
				A710DF91289447C80034EE91 /* TestiOSUITests.swift in Sources */,
			);
			runOnlyForDeploymentPostprocessing = 0;
		};
/* End PBXSourcesBuildPhase section */

/* Begin PBXTargetDependency section */
		A710DF84289447C70034EE91 /* PBXTargetDependency */ = {
			isa = PBXTargetDependency;
			target = A710DF6B289447C30034EE91 /* TestiOS */;
			targetProxy = A710DF83289447C70034EE91 /* PBXContainerItemProxy */;
		};
		A710DF8E289447C80034EE91 /* PBXTargetDependency */ = {
			isa = PBXTargetDependency;
			target = A710DF6B289447C30034EE91 /* TestiOS */;
			targetProxy = A710DF8D289447C80034EE91 /* PBXContainerItemProxy */;
		};
/* End PBXTargetDependency section */

/* Begin PBXVariantGroup section */
		A710DF75289447C30034EE91 /* Main.storyboard */ = {
			isa = PBXVariantGroup;
			children = (
				A710DF76289447C30034EE91 /* Base */,
			);
			name = Main.storyboard;
			sourceTree = "<group>";
		};
		A710DF7A289447C70034EE91 /* LaunchScreen.storyboard */ = {
			isa = PBXVariantGroup;
			children = (
				A710DF7B289447C70034EE91 /* Base */,
			);
			name = LaunchScreen.storyboard;
			sourceTree = "<group>";
		};
/* End PBXVariantGroup section */

/* Begin XCBuildConfiguration section */
		A710DF94289447C80034EE91 /* Debug */ = {
			isa = XCBuildConfiguration;
			buildSettings = {
				ALWAYS_SEARCH_USER_PATHS = NO;
				CLANG_ANALYZER_NONNULL = YES;
				CLANG_ANALYZER_NUMBER_OBJECT_CONVERSION = YES_AGGRESSIVE;
				CLANG_CXX_LANGUAGE_STANDARD = "gnu++17";
				CLANG_ENABLE_MODULES = YES;
				CLANG_ENABLE_OBJC_ARC = YES;
				CLANG_ENABLE_OBJC_WEAK = YES;
				CLANG_WARN_BLOCK_CAPTURE_AUTORELEASING = YES;
				CLANG_WARN_BOOL_CONVERSION = YES;
				CLANG_WARN_COMMA = YES;
				CLANG_WARN_CONSTANT_CONVERSION = YES;
				CLANG_WARN_DEPRECATED_OBJC_IMPLEMENTATIONS = YES;
				CLANG_WARN_DIRECT_OBJC_ISA_USAGE = YES_ERROR;
				CLANG_WARN_DOCUMENTATION_COMMENTS = YES;
				CLANG_WARN_EMPTY_BODY = YES;
				CLANG_WARN_ENUM_CONVERSION = YES;
				CLANG_WARN_INFINITE_RECURSION = YES;
				CLANG_WARN_INT_CONVERSION = YES;
				CLANG_WARN_NON_LITERAL_NULL_CONVERSION = YES;
				CLANG_WARN_OBJC_IMPLICIT_RETAIN_SELF = YES;
				CLANG_WARN_OBJC_LITERAL_CONVERSION = YES;
				CLANG_WARN_OBJC_ROOT_CLASS = YES_ERROR;
				CLANG_WARN_QUOTED_INCLUDE_IN_FRAMEWORK_HEADER = YES;
				CLANG_WARN_RANGE_LOOP_ANALYSIS = YES;
				CLANG_WARN_STRICT_PROTOTYPES = YES;
				CLANG_WARN_SUSPICIOUS_MOVE = YES;
				CLANG_WARN_UNGUARDED_AVAILABILITY = YES_AGGRESSIVE;
				CLANG_WARN_UNREACHABLE_CODE = YES;
				CLANG_WARN__DUPLICATE_METHOD_MATCH = YES;
				COPY_PHASE_STRIP = NO;
				DEBUG_INFORMATION_FORMAT = dwarf;
				ENABLE_STRICT_OBJC_MSGSEND = YES;
				ENABLE_TESTABILITY = YES;
				GCC_C_LANGUAGE_STANDARD = gnu11;
				GCC_DYNAMIC_NO_PIC = NO;
				GCC_NO_COMMON_BLOCKS = YES;
				GCC_OPTIMIZATION_LEVEL = 0;
				GCC_PREPROCESSOR_DEFINITIONS = (
					"DEBUG=1",
					"$(inherited)",
				);
				GCC_WARN_64_TO_32_BIT_CONVERSION = YES;
				GCC_WARN_ABOUT_RETURN_TYPE = YES_ERROR;
				GCC_WARN_UNDECLARED_SELECTOR = YES;
				GCC_WARN_UNINITIALIZED_AUTOS = YES_AGGRESSIVE;
				GCC_WARN_UNUSED_FUNCTION = YES;
				GCC_WARN_UNUSED_VARIABLE = YES;
				IPHONEOS_DEPLOYMENT_TARGET = 15.5;
				MTL_ENABLE_DEBUG_INFO = INCLUDE_SOURCE;
				MTL_FAST_MATH = YES;
				ONLY_ACTIVE_ARCH = YES;
				SDKROOT = iphoneos;
				SWIFT_ACTIVE_COMPILATION_CONDITIONS = DEBUG;
				SWIFT_OPTIMIZATION_LEVEL = "-Onone";
			};
			name = Debug;
		};
		A710DF95289447C80034EE91 /* Release */ = {
			isa = XCBuildConfiguration;
			buildSettings = {
				ALWAYS_SEARCH_USER_PATHS = NO;
				CLANG_ANALYZER_NONNULL = YES;
				CLANG_ANALYZER_NUMBER_OBJECT_CONVERSION = YES_AGGRESSIVE;
				CLANG_CXX_LANGUAGE_STANDARD = "gnu++17";
				CLANG_ENABLE_MODULES = YES;
				CLANG_ENABLE_OBJC_ARC = YES;
				CLANG_ENABLE_OBJC_WEAK = YES;
				CLANG_WARN_BLOCK_CAPTURE_AUTORELEASING = YES;
				CLANG_WARN_BOOL_CONVERSION = YES;
				CLANG_WARN_COMMA = YES;
				CLANG_WARN_CONSTANT_CONVERSION = YES;
				CLANG_WARN_DEPRECATED_OBJC_IMPLEMENTATIONS = YES;
				CLANG_WARN_DIRECT_OBJC_ISA_USAGE = YES_ERROR;
				CLANG_WARN_DOCUMENTATION_COMMENTS = YES;
				CLANG_WARN_EMPTY_BODY = YES;
				CLANG_WARN_ENUM_CONVERSION = YES;
				CLANG_WARN_INFINITE_RECURSION = YES;
				CLANG_WARN_INT_CONVERSION = YES;
				CLANG_WARN_NON_LITERAL_NULL_CONVERSION = YES;
				CLANG_WARN_OBJC_IMPLICIT_RETAIN_SELF = YES;
				CLANG_WARN_OBJC_LITERAL_CONVERSION = YES;
				CLANG_WARN_OBJC_ROOT_CLASS = YES_ERROR;
				CLANG_WARN_QUOTED_INCLUDE_IN_FRAMEWORK_HEADER = YES;
				CLANG_WARN_RANGE_LOOP_ANALYSIS = YES;
				CLANG_WARN_STRICT_PROTOTYPES = YES;
				CLANG_WARN_SUSPICIOUS_MOVE = YES;
				CLANG_WARN_UNGUARDED_AVAILABILITY = YES_AGGRESSIVE;
				CLANG_WARN_UNREACHABLE_CODE = YES;
				CLANG_WARN__DUPLICATE_METHOD_MATCH = YES;
				COPY_PHASE_STRIP = NO;
				DEBUG_INFORMATION_FORMAT = "dwarf-with-dsym";
				ENABLE_NS_ASSERTIONS = NO;
				ENABLE_STRICT_OBJC_MSGSEND = YES;
				GCC_C_LANGUAGE_STANDARD = gnu11;
				GCC_NO_COMMON_BLOCKS = YES;
				GCC_WARN_64_TO_32_BIT_CONVERSION = YES;
				GCC_WARN_ABOUT_RETURN_TYPE = YES_ERROR;
				GCC_WARN_UNDECLARED_SELECTOR = YES;
				GCC_WARN_UNINITIALIZED_AUTOS = YES_AGGRESSIVE;
				GCC_WARN_UNUSED_FUNCTION = YES;
				GCC_WARN_UNUSED_VARIABLE = YES;
				IPHONEOS_DEPLOYMENT_TARGET = 15.5;
				MTL_ENABLE_DEBUG_INFO = NO;
				MTL_FAST_MATH = YES;
				SDKROOT = iphoneos;
				SWIFT_COMPILATION_MODE = wholemodule;
				SWIFT_OPTIMIZATION_LEVEL = "-O";
				VALIDATE_PRODUCT = YES;
			};
			name = Release;
		};
		A710DF97289447C80034EE91 /* Debug */ = {
			isa = XCBuildConfiguration;
			baseConfigurationReference = F612BC5CA0C1ADDA4C1A1E3D /* Pods-TestiOS.debug.xcconfig */;
			buildSettings = {
				ASSETCATALOG_COMPILER_APPICON_NAME = AppIcon;
				ASSETCATALOG_COMPILER_GLOBAL_ACCENT_COLOR_NAME = AccentColor;
				CODE_SIGN_STYLE = Automatic;
				CURRENT_PROJECT_VERSION = 1;
				DEVELOPMENT_TEAM = M87NUPHN27;
				GENERATE_INFOPLIST_FILE = YES;
				INFOPLIST_FILE = TestiOS/Info.plist;
				INFOPLIST_KEY_UIApplicationSupportsIndirectInputEvents = YES;
				INFOPLIST_KEY_UILaunchStoryboardName = LaunchScreen;
				INFOPLIST_KEY_UISupportedInterfaceOrientations_iPad = "UIInterfaceOrientationPortrait UIInterfaceOrientationPortraitUpsideDown UIInterfaceOrientationLandscapeLeft UIInterfaceOrientationLandscapeRight";
				INFOPLIST_KEY_UISupportedInterfaceOrientations_iPhone = "UIInterfaceOrientationPortrait UIInterfaceOrientationLandscapeLeft UIInterfaceOrientationLandscapeRight";
				LD_RUNPATH_SEARCH_PATHS = (
					"$(inherited)",
					"@executable_path/Frameworks",
				);
				MARKETING_VERSION = 1.0;
				PRODUCT_BUNDLE_IDENTIFIER = javier.apaez.TestiOS;
				PRODUCT_NAME = "$(TARGET_NAME)";
				SWIFT_EMIT_LOC_STRINGS = YES;
				SWIFT_VERSION = 5.0;
				TARGETED_DEVICE_FAMILY = "1,2";
			};
			name = Debug;
		};
		A710DF98289447C80034EE91 /* Release */ = {
			isa = XCBuildConfiguration;
			baseConfigurationReference = CE27871F5BE3E70F88B44482 /* Pods-TestiOS.release.xcconfig */;
			buildSettings = {
				ASSETCATALOG_COMPILER_APPICON_NAME = AppIcon;
				ASSETCATALOG_COMPILER_GLOBAL_ACCENT_COLOR_NAME = AccentColor;
				CODE_SIGN_STYLE = Automatic;
				CURRENT_PROJECT_VERSION = 1;
				DEVELOPMENT_TEAM = M87NUPHN27;
				GENERATE_INFOPLIST_FILE = YES;
				INFOPLIST_FILE = TestiOS/Info.plist;
				INFOPLIST_KEY_UIApplicationSupportsIndirectInputEvents = YES;
				INFOPLIST_KEY_UILaunchStoryboardName = LaunchScreen;
				INFOPLIST_KEY_UISupportedInterfaceOrientations_iPad = "UIInterfaceOrientationPortrait UIInterfaceOrientationPortraitUpsideDown UIInterfaceOrientationLandscapeLeft UIInterfaceOrientationLandscapeRight";
				INFOPLIST_KEY_UISupportedInterfaceOrientations_iPhone = "UIInterfaceOrientationPortrait UIInterfaceOrientationLandscapeLeft UIInterfaceOrientationLandscapeRight";
				LD_RUNPATH_SEARCH_PATHS = (
					"$(inherited)",
					"@executable_path/Frameworks",
				);
				MARKETING_VERSION = 1.0;
				PRODUCT_BUNDLE_IDENTIFIER = javier.apaez.TestiOS;
				PRODUCT_NAME = "$(TARGET_NAME)";
				SWIFT_EMIT_LOC_STRINGS = YES;
				SWIFT_VERSION = 5.0;
				TARGETED_DEVICE_FAMILY = "1,2";
			};
			name = Release;
		};
		A710DF9A289447C80034EE91 /* Debug */ = {
			isa = XCBuildConfiguration;
			baseConfigurationReference = A7D7CF23C893BEB95E2EB3DC /* Pods-TestiOSTests.debug.xcconfig */;
			buildSettings = {
				ALWAYS_EMBED_SWIFT_STANDARD_LIBRARIES = YES;
				BUNDLE_LOADER = "$(TEST_HOST)";
				CODE_SIGN_STYLE = Automatic;
				CURRENT_PROJECT_VERSION = 1;
				DEVELOPMENT_TEAM = M87NUPHN27;
				GENERATE_INFOPLIST_FILE = YES;
				IPHONEOS_DEPLOYMENT_TARGET = 15.5;
				MARKETING_VERSION = 1.0;
				PRODUCT_BUNDLE_IDENTIFIER = javier.apaez.TestiOSTests;
				PRODUCT_NAME = "$(TARGET_NAME)";
				SWIFT_EMIT_LOC_STRINGS = NO;
				SWIFT_VERSION = 5.0;
				TARGETED_DEVICE_FAMILY = "1,2";
				TEST_HOST = "$(BUILT_PRODUCTS_DIR)/TestiOS.app/TestiOS";
			};
			name = Debug;
		};
		A710DF9B289447C80034EE91 /* Release */ = {
			isa = XCBuildConfiguration;
			baseConfigurationReference = 2412B662FDDBD28A132E4A9A /* Pods-TestiOSTests.release.xcconfig */;
			buildSettings = {
				ALWAYS_EMBED_SWIFT_STANDARD_LIBRARIES = YES;
				BUNDLE_LOADER = "$(TEST_HOST)";
				CODE_SIGN_STYLE = Automatic;
				CURRENT_PROJECT_VERSION = 1;
				DEVELOPMENT_TEAM = M87NUPHN27;
				GENERATE_INFOPLIST_FILE = YES;
				IPHONEOS_DEPLOYMENT_TARGET = 15.5;
				MARKETING_VERSION = 1.0;
				PRODUCT_BUNDLE_IDENTIFIER = javier.apaez.TestiOSTests;
				PRODUCT_NAME = "$(TARGET_NAME)";
				SWIFT_EMIT_LOC_STRINGS = NO;
				SWIFT_VERSION = 5.0;
				TARGETED_DEVICE_FAMILY = "1,2";
				TEST_HOST = "$(BUILT_PRODUCTS_DIR)/TestiOS.app/TestiOS";
			};
			name = Release;
		};
		A710DF9D289447C80034EE91 /* Debug */ = {
			isa = XCBuildConfiguration;
			baseConfigurationReference = 2C6F750760DA3151C929C1B0 /* Pods-TestiOS-TestiOSUITests.debug.xcconfig */;
			buildSettings = {
				ALWAYS_EMBED_SWIFT_STANDARD_LIBRARIES = YES;
				CODE_SIGN_STYLE = Automatic;
				CURRENT_PROJECT_VERSION = 1;
				DEVELOPMENT_TEAM = M87NUPHN27;
				GENERATE_INFOPLIST_FILE = YES;
				MARKETING_VERSION = 1.0;
				PRODUCT_BUNDLE_IDENTIFIER = javier.apaez.TestiOSUITests;
				PRODUCT_NAME = "$(TARGET_NAME)";
				SWIFT_EMIT_LOC_STRINGS = NO;
				SWIFT_VERSION = 5.0;
				TARGETED_DEVICE_FAMILY = "1,2";
				TEST_TARGET_NAME = TestiOS;
			};
			name = Debug;
		};
		A710DF9E289447C80034EE91 /* Release */ = {
			isa = XCBuildConfiguration;
			baseConfigurationReference = FCE84070F052D5BB12798DBE /* Pods-TestiOS-TestiOSUITests.release.xcconfig */;
			buildSettings = {
				ALWAYS_EMBED_SWIFT_STANDARD_LIBRARIES = YES;
				CODE_SIGN_STYLE = Automatic;
				CURRENT_PROJECT_VERSION = 1;
				DEVELOPMENT_TEAM = M87NUPHN27;
				GENERATE_INFOPLIST_FILE = YES;
				MARKETING_VERSION = 1.0;
				PRODUCT_BUNDLE_IDENTIFIER = javier.apaez.TestiOSUITests;
				PRODUCT_NAME = "$(TARGET_NAME)";
				SWIFT_EMIT_LOC_STRINGS = NO;
				SWIFT_VERSION = 5.0;
				TARGETED_DEVICE_FAMILY = "1,2";
				TEST_TARGET_NAME = TestiOS;
			};
			name = Release;
		};
/* End XCBuildConfiguration section */

/* Begin XCConfigurationList section */
		A710DF67289447C30034EE91 /* Build configuration list for PBXProject "TestiOS" */ = {
			isa = XCConfigurationList;
			buildConfigurations = (
				A710DF94289447C80034EE91 /* Debug */,
				A710DF95289447C80034EE91 /* Release */,
			);
			defaultConfigurationIsVisible = 0;
			defaultConfigurationName = Release;
		};
		A710DF96289447C80034EE91 /* Build configuration list for PBXNativeTarget "TestiOS" */ = {
			isa = XCConfigurationList;
			buildConfigurations = (
				A710DF97289447C80034EE91 /* Debug */,
				A710DF98289447C80034EE91 /* Release */,
			);
			defaultConfigurationIsVisible = 0;
			defaultConfigurationName = Release;
		};
		A710DF99289447C80034EE91 /* Build configuration list for PBXNativeTarget "TestiOSTests" */ = {
			isa = XCConfigurationList;
			buildConfigurations = (
				A710DF9A289447C80034EE91 /* Debug */,
				A710DF9B289447C80034EE91 /* Release */,
			);
			defaultConfigurationIsVisible = 0;
			defaultConfigurationName = Release;
		};
		A710DF9C289447C80034EE91 /* Build configuration list for PBXNativeTarget "TestiOSUITests" */ = {
			isa = XCConfigurationList;
			buildConfigurations = (
				A710DF9D289447C80034EE91 /* Debug */,
				A710DF9E289447C80034EE91 /* Release */,
			);
			defaultConfigurationIsVisible = 0;
			defaultConfigurationName = Release;
		};
/* End XCConfigurationList section */
	};
	rootObject = A710DF64289447C30034EE91 /* Project object */;
}
